// !$*UTF8*$!
{
	archiveVersion = 1;
	classes = {
	};
	objectVersion = 55;
	objects = {

/* Begin PBXBuildFile section */
		326B4AB1273A3CED001C3709 /* test.c in Sources */ = {isa = PBXBuildFile; fileRef = 321D78F62730EDC900389D75 /* test.c */; };
/* End PBXBuildFile section */

/* Begin PBXCopyFilesBuildPhase section */
		32A3A0E6271A82F500BCF93D /* CopyFiles */ = {
			isa = PBXCopyFilesBuildPhase;
			buildActionMask = 2147483647;
			dstPath = /usr/share/man/man1/;
			dstSubfolderSpec = 0;
			files = (
			);
			runOnlyForDeploymentPostprocessing = 1;
		};
/* End PBXCopyFilesBuildPhase section */

/* Begin PBXFileReference section */
		321D78F62730EDC900389D75 /* test.c */ = {isa = PBXFileReference; lastKnownFileType = sourcecode.c.c; path = test.c; sourceTree = "<group>"; };
		321D78F92731166700389D75 /* tutorial4.c */ = {isa = PBXFileReference; lastKnownFileType = sourcecode.c.c; path = tutorial4.c; sourceTree = "<group>"; };
		321D78FB27312B0B00389D75 /* lab4.c */ = {isa = PBXFileReference; lastKnownFileType = sourcecode.c.c; path = lab4.c; sourceTree = "<group>"; };
		321D78FD2732617100389D75 /* lab5.c */ = {isa = PBXFileReference; lastKnownFileType = sourcecode.c.c; path = lab5.c; sourceTree = "<group>"; };
		321D78FF2732618F00389D75 /* tutorial5.c */ = {isa = PBXFileReference; lastKnownFileType = sourcecode.c.c; path = tutorial5.c; sourceTree = "<group>"; };
		321D79082733D68200389D75 /* assignment.c */ = {isa = PBXFileReference; lastKnownFileType = sourcecode.c.c; path = assignment.c; sourceTree = "<group>"; };
		32A3A0E8271A82F500BCF93D /* sc1003 */ = {isa = PBXFileReference; explicitFileType = "compiled.mach-o.executable"; includeInIndex = 0; path = sc1003; sourceTree = BUILT_PRODUCTS_DIR; };
		32A3A0F6271A872C00BCF93D /* tutorial1.c */ = {isa = PBXFileReference; lastKnownFileType = sourcecode.c.c; path = tutorial1.c; sourceTree = "<group>"; };
		32A3A0FD271A88B000BCF93D /* tutorial2.c */ = {isa = PBXFileReference; lastKnownFileType = sourcecode.c.c; path = tutorial2.c; sourceTree = "<group>"; };
		32A3A0FF271A88BF00BCF93D /* lab1.c */ = {isa = PBXFileReference; lastKnownFileType = sourcecode.c.c; path = lab1.c; sourceTree = "<group>"; };
		32A3A100271A88D100BCF93D /* lab2.c */ = {isa = PBXFileReference; lastKnownFileType = sourcecode.c.c; path = lab2.c; sourceTree = "<group>"; };
		32A3A103271C036600BCF93D /* tutorial3.c */ = {isa = PBXFileReference; lastKnownFileType = sourcecode.c.c; path = tutorial3.c; sourceTree = "<group>"; };
		32A3A104271D2BBD00BCF93D /* lab3.c */ = {isa = PBXFileReference; lastKnownFileType = sourcecode.c.c; path = lab3.c; sourceTree = "<group>"; };
		32F6D0A627364DB900CEAAFB /* w1practice.c */ = {isa = PBXFileReference; lastKnownFileType = sourcecode.c.c; path = w1practice.c; sourceTree = "<group>"; };
/* End PBXFileReference section */

/* Begin PBXFrameworksBuildPhase section */
		32A3A0E5271A82F500BCF93D /* Frameworks */ = {
			isa = PBXFrameworksBuildPhase;
			buildActionMask = 2147483647;
			files = (
			);
			runOnlyForDeploymentPostprocessing = 0;
		};
/* End PBXFrameworksBuildPhase section */

/* Begin PBXGroup section */
		32A3A0DF271A82F500BCF93D = {
			isa = PBXGroup;
			children = (
				321D79082733D68200389D75 /* assignment.c */,
				32A3A0EA271A82F500BCF93D /* sc1003 */,
				32A3A0E9271A82F500BCF93D /* Products */,
			);
			sourceTree = "<group>";
		};
		32A3A0E9271A82F500BCF93D /* Products */ = {
			isa = PBXGroup;
			children = (
				32A3A0E8271A82F500BCF93D /* sc1003 */,
			);
			name = Products;
			sourceTree = "<group>";
		};
		32A3A0EA271A82F500BCF93D /* sc1003 */ = {
			isa = PBXGroup;
			children = (
				32F6D0A627364DB900CEAAFB /* w1practice.c */,
				32A3A0F6271A872C00BCF93D /* tutorial1.c */,
				32A3A0FD271A88B000BCF93D /* tutorial2.c */,
				32A3A103271C036600BCF93D /* tutorial3.c */,
				321D78F92731166700389D75 /* tutorial4.c */,
				321D78FF2732618F00389D75 /* tutorial5.c */,
				32A3A0FF271A88BF00BCF93D /* lab1.c */,
				32A3A100271A88D100BCF93D /* lab2.c */,
				32A3A104271D2BBD00BCF93D /* lab3.c */,
				321D78FB27312B0B00389D75 /* lab4.c */,
				321D78FD2732617100389D75 /* lab5.c */,
				321D78F62730EDC900389D75 /* test.c */,
			);
			path = sc1003;
			sourceTree = "<group>";
		};
/* End PBXGroup section */

/* Begin PBXNativeTarget section */
		32A3A0E7271A82F500BCF93D /* sc1003 */ = {
			isa = PBXNativeTarget;
			buildConfigurationList = 32A3A0EF271A82F500BCF93D /* Build configuration list for PBXNativeTarget "sc1003" */;
			buildPhases = (
				32A3A0E4271A82F500BCF93D /* Sources */,
				32A3A0E5271A82F500BCF93D /* Frameworks */,
				32A3A0E6271A82F500BCF93D /* CopyFiles */,
			);
			buildRules = (
			);
			dependencies = (
			);
			name = sc1003;
			productName = sc1003;
			productReference = 32A3A0E8271A82F500BCF93D /* sc1003 */;
			productType = "com.apple.product-type.tool";
		};
/* End PBXNativeTarget section */

/* Begin PBXProject section */
		32A3A0E0271A82F500BCF93D /* Project object */ = {
			isa = PBXProject;
			attributes = {
				BuildIndependentTargetsInParallel = 1;
				LastUpgradeCheck = 1310;
				TargetAttributes = {
					32A3A0E7271A82F500BCF93D = {
						CreatedOnToolsVersion = 13.0;
					};
				};
			};
			buildConfigurationList = 32A3A0E3271A82F500BCF93D /* Build configuration list for PBXProject "sc1003" */;
			compatibilityVersion = "Xcode 13.0";
			developmentRegion = en;
			hasScannedForEncodings = 0;
			knownRegions = (
				en,
				Base,
			);
			mainGroup = 32A3A0DF271A82F500BCF93D;
			productRefGroup = 32A3A0E9271A82F500BCF93D /* Products */;
			projectDirPath = "";
			projectRoot = "";
			targets = (
				32A3A0E7271A82F500BCF93D /* sc1003 */,
			);
		};
/* End PBXProject section */

/* Begin PBXSourcesBuildPhase section */
		32A3A0E4271A82F500BCF93D /* Sources */ = {
			isa = PBXSourcesBuildPhase;
			buildActionMask = 2147483647;
			files = (
				326B4AB1273A3CED001C3709 /* test.c in Sources */,
			);
			runOnlyForDeploymentPostprocessing = 0;
		};
/* End PBXSourcesBuildPhase section */

/* Begin XCBuildConfiguration section */
		32A3A0ED271A82F500BCF93D /* Debug */ = {
			isa = XCBuildConfiguration;
			buildSettings = {
				ALWAYS_SEARCH_USER_PATHS = NO;
				CLANG_ANALYZER_NONNULL = YES;
				CLANG_ANALYZER_NUMBER_OBJECT_CONVERSION = YES_AGGRESSIVE;
				CLANG_CXX_LANGUAGE_STANDARD = "gnu++17";
				CLANG_CXX_LIBRARY = "libc++";
				CLANG_ENABLE_MODULES = YES;
				CLANG_ENABLE_OBJC_ARC = YES;
				CLANG_ENABLE_OBJC_WEAK = YES;
				CLANG_WARN_BLOCK_CAPTURE_AUTORELEASING = YES;
				CLANG_WARN_BOOL_CONVERSION = YES;
				CLANG_WARN_COMMA = YES;
				CLANG_WARN_CONSTANT_CONVERSION = YES;
				CLANG_WARN_DEPRECATED_OBJC_IMPLEMENTATIONS = YES;
				CLANG_WARN_DIRECT_OBJC_ISA_USAGE = YES_ERROR;
				CLANG_WARN_DOCUMENTATION_COMMENTS = YES;
				CLANG_WARN_EMPTY_BODY = YES;
				CLANG_WARN_ENUM_CONVERSION = YES;
				CLANG_WARN_INFINITE_RECURSION = YES;
				CLANG_WARN_INT_CONVERSION = YES;
				CLANG_WARN_NON_LITERAL_NULL_CONVERSION = YES;
				CLANG_WARN_OBJC_IMPLICIT_RETAIN_SELF = YES;
				CLANG_WARN_OBJC_LITERAL_CONVERSION = YES;
				CLANG_WARN_OBJC_ROOT_CLASS = YES_ERROR;
				CLANG_WARN_QUOTED_INCLUDE_IN_FRAMEWORK_HEADER = YES;
				CLANG_WARN_RANGE_LOOP_ANALYSIS = YES;
				CLANG_WARN_STRICT_PROTOTYPES = YES;
				CLANG_WARN_SUSPICIOUS_MOVE = YES;
				CLANG_WARN_UNGUARDED_AVAILABILITY = YES_AGGRESSIVE;
				CLANG_WARN_UNREACHABLE_CODE = YES;
				CLANG_WARN__DUPLICATE_METHOD_MATCH = YES;
				COPY_PHASE_STRIP = NO;
				DEBUG_INFORMATION_FORMAT = dwarf;
				ENABLE_STRICT_OBJC_MSGSEND = YES;
				ENABLE_TESTABILITY = YES;
				GCC_C_LANGUAGE_STANDARD = gnu11;
				GCC_DYNAMIC_NO_PIC = NO;
				GCC_NO_COMMON_BLOCKS = YES;
				GCC_OPTIMIZATION_LEVEL = 0;
				GCC_PREPROCESSOR_DEFINITIONS = (
					"DEBUG=1",
					"$(inherited)",
				);
				GCC_WARN_64_TO_32_BIT_CONVERSION = YES;
				GCC_WARN_ABOUT_RETURN_TYPE = YES_ERROR;
				GCC_WARN_UNDECLARED_SELECTOR = YES;
				GCC_WARN_UNINITIALIZED_AUTOS = YES_AGGRESSIVE;
				GCC_WARN_UNUSED_FUNCTION = YES;
				GCC_WARN_UNUSED_VARIABLE = YES;
				MACOSX_DEPLOYMENT_TARGET = 11.3;
				MTL_ENABLE_DEBUG_INFO = INCLUDE_SOURCE;
				MTL_FAST_MATH = YES;
				ONLY_ACTIVE_ARCH = YES;
				SDKROOT = macosx;
			};
			name = Debug;
		};
		32A3A0EE271A82F500BCF93D /* Release */ = {
			isa = XCBuildConfiguration;
			buildSettings = {
				ALWAYS_SEARCH_USER_PATHS = NO;
				CLANG_ANALYZER_NONNULL = YES;
				CLANG_ANALYZER_NUMBER_OBJECT_CONVERSION = YES_AGGRESSIVE;
				CLANG_CXX_LANGUAGE_STANDARD = "gnu++17";
				CLANG_CXX_LIBRARY = "libc++";
				CLANG_ENABLE_MODULES = YES;
				CLANG_ENABLE_OBJC_ARC = YES;
				CLANG_ENABLE_OBJC_WEAK = YES;
				CLANG_WARN_BLOCK_CAPTURE_AUTORELEASING = YES;
				CLANG_WARN_BOOL_CONVERSION = YES;
				CLANG_WARN_COMMA = YES;
				CLANG_WARN_CONSTANT_CONVERSION = YES;
				CLANG_WARN_DEPRECATED_OBJC_IMPLEMENTATIONS = YES;
				CLANG_WARN_DIRECT_OBJC_ISA_USAGE = YES_ERROR;
				CLANG_WARN_DOCUMENTATION_COMMENTS = YES;
				CLANG_WARN_EMPTY_BODY = YES;
				CLANG_WARN_ENUM_CONVERSION = YES;
				CLANG_WARN_INFINITE_RECURSION = YES;
				CLANG_WARN_INT_CONVERSION = YES;
				CLANG_WARN_NON_LITERAL_NULL_CONVERSION = YES;
				CLANG_WARN_OBJC_IMPLICIT_RETAIN_SELF = YES;
				CLANG_WARN_OBJC_LITERAL_CONVERSION = YES;
				CLANG_WARN_OBJC_ROOT_CLASS = YES_ERROR;
				CLANG_WARN_QUOTED_INCLUDE_IN_FRAMEWORK_HEADER = YES;
				CLANG_WARN_RANGE_LOOP_ANALYSIS = YES;
				CLANG_WARN_STRICT_PROTOTYPES = YES;
				CLANG_WARN_SUSPICIOUS_MOVE = YES;
				CLANG_WARN_UNGUARDED_AVAILABILITY = YES_AGGRESSIVE;
				CLANG_WARN_UNREACHABLE_CODE = YES;
				CLANG_WARN__DUPLICATE_METHOD_MATCH = YES;
				COPY_PHASE_STRIP = NO;
				DEBUG_INFORMATION_FORMAT = "dwarf-with-dsym";
				ENABLE_NS_ASSERTIONS = NO;
				ENABLE_STRICT_OBJC_MSGSEND = YES;
				GCC_C_LANGUAGE_STANDARD = gnu11;
				GCC_NO_COMMON_BLOCKS = YES;
				GCC_WARN_64_TO_32_BIT_CONVERSION = YES;
				GCC_WARN_ABOUT_RETURN_TYPE = YES_ERROR;
				GCC_WARN_UNDECLARED_SELECTOR = YES;
				GCC_WARN_UNINITIALIZED_AUTOS = YES_AGGRESSIVE;
				GCC_WARN_UNUSED_FUNCTION = YES;
				GCC_WARN_UNUSED_VARIABLE = YES;
				MACOSX_DEPLOYMENT_TARGET = 11.3;
				MTL_ENABLE_DEBUG_INFO = NO;
				MTL_FAST_MATH = YES;
				SDKROOT = macosx;
			};
			name = Release;
		};
		32A3A0F0271A82F500BCF93D /* Debug */ = {
			isa = XCBuildConfiguration;
			buildSettings = {
				CODE_SIGN_IDENTITY = "-";
				CODE_SIGN_STYLE = Automatic;
				PRODUCT_NAME = "$(TARGET_NAME)";
			};
			name = Debug;
		};
		32A3A0F1271A82F500BCF93D /* Release */ = {
			isa = XCBuildConfiguration;
			buildSettings = {
				CODE_SIGN_IDENTITY = "-";
				CODE_SIGN_STYLE = Automatic;
				PRODUCT_NAME = "$(TARGET_NAME)";
			};
			name = Release;
		};
/* End XCBuildConfiguration section */

/* Begin XCConfigurationList section */
		32A3A0E3271A82F500BCF93D /* Build configuration list for PBXProject "sc1003" */ = {
			isa = XCConfigurationList;
			buildConfigurations = (
				32A3A0ED271A82F500BCF93D /* Debug */,
				32A3A0EE271A82F500BCF93D /* Release */,
			);
			defaultConfigurationIsVisible = 0;
			defaultConfigurationName = Release;
		};
		32A3A0EF271A82F500BCF93D /* Build configuration list for PBXNativeTarget "sc1003" */ = {
			isa = XCConfigurationList;
			buildConfigurations = (
				32A3A0F0271A82F500BCF93D /* Debug */,
				32A3A0F1271A82F500BCF93D /* Release */,
			);
			defaultConfigurationIsVisible = 0;
			defaultConfigurationName = Release;
		};
/* End XCConfigurationList section */
	};
	rootObject = 32A3A0E0271A82F500BCF93D /* Project object */;
}
